
Microsoft Visual Studio Solution File, Format Version 12.00
# Visual Studio 15
VisualStudioVersion = 15.0.28307.168
MinimumVisualStudioVersion = 10.0.40219.1
Project("{FAE04EC0-301F-11D3-BF4B-00C04F79EFBC}") = "Halforbit.Extensions.Configuration.Tests", "Halforbit.Extensions.Configuration.Tests\Halforbit.Extensions.Configuration.Tests.csproj", "{12F8B9DF-4066-4838-B155-CFFF593AE010}"
EndProject
Project("{9A19103F-16F7-4668-BE54-9A1E7A4F7556}") = "Halforbit.Extensions.Configuration", "Halforbit.Extensions.Configuration\Halforbit.Extensions.Configuration.csproj", "{418E5666-69AF-4060-AA5E-A8A2EFD873FF}"
EndProject
Global
	GlobalSection(SolutionConfigurationPlatforms) = preSolution
		Debug|Any CPU = Debug|Any CPU
		Release|Any CPU = Release|Any CPU
	EndGlobalSection
	GlobalSection(ProjectConfigurationPlatforms) = postSolution
		{12F8B9DF-4066-4838-B155-CFFF593AE010}.Debug|Any CPU.ActiveCfg = Debug|Any CPU
		{12F8B9DF-4066-4838-B155-CFFF593AE010}.Debug|Any CPU.Build.0 = Debug|Any CPU
		{12F8B9DF-4066-4838-B155-CFFF593AE010}.Release|Any CPU.ActiveCfg = Release|Any CPU
		{12F8B9DF-4066-4838-B155-CFFF593AE010}.Release|Any CPU.Build.0 = Release|Any CPU
		{418E5666-69AF-4060-AA5E-A8A2EFD873FF}.Debug|Any CPU.ActiveCfg = Debug|Any CPU
		{418E5666-69AF-4060-AA5E-A8A2EFD873FF}.Debug|Any CPU.Build.0 = Debug|Any CPU
		{418E5666-69AF-4060-AA5E-A8A2EFD873FF}.Release|Any CPU.ActiveCfg = Release|Any CPU
		{418E5666-69AF-4060-AA5E-A8A2EFD873FF}.Release|Any CPU.Build.0 = Release|Any CPU
	EndGlobalSection
	GlobalSection(SolutionProperties) = preSolution
		HideSolutionNode = FALSE
	EndGlobalSection
	GlobalSection(ExtensibilityGlobals) = postSolution
		SolutionGuid = {3916AB88-5236-4B1A-8A0A-212F371561CC}
	EndGlobalSection
EndGlobal
